
Microsoft Visual Studio Solution File, Format Version 12.00
# Visual Studio Version 17
VisualStudioVersion = 17.1.32210.238
MinimumVisualStudioVersion = 10.0.40219.1
Project("{FAE04EC0-301F-11D3-BF4B-00C04F79EFBC}") = "Snake", "Snake\Snake.csproj", "{B661620D-BF04-4D9B-842B-766410E67CF9}"
EndProject
Global
	GlobalSection(SolutionConfigurationPlatforms) = preSolution
		Debug|Any CPU = Debug|Any CPU
		Release|Any CPU = Release|Any CPU
	EndGlobalSection
	GlobalSection(ProjectConfigurationPlatforms) = postSolution
		{B661620D-BF04-4D9B-842B-766410E67CF9}.Debug|Any CPU.ActiveCfg = Debug|Any CPU
		{B661620D-BF04-4D9B-842B-766410E67CF9}.Debug|Any CPU.Build.0 = Debug|Any CPU
		{B661620D-BF04-4D9B-842B-766410E67CF9}.Release|Any CPU.ActiveCfg = Release|Any CPU
		{B661620D-BF04-4D9B-842B-766410E67CF9}.Release|Any CPU.Build.0 = Release|Any CPU
	EndGlobalSection
	GlobalSection(SolutionProperties) = preSolution
		HideSolutionNode = FALSE
	EndGlobalSection
	GlobalSection(ExtensibilityGlobals) = postSolution
		SolutionGuid = {73EA0164-2AA8-493B-9046-5AE9A1DCB299}
	EndGlobalSection
EndGlobal
